
Microsoft Visual Studio Solution File, Format Version 12.00
# Visual Studio 15
VisualStudioVersion = 15.0.26724.1
MinimumVisualStudioVersion = 10.0.40219.1
Project("{FAE04EC0-301F-11D3-BF4B-00C04F79EFBC}") = "StyleDiary.Android", "StyleDiary\StyleDiary.Android\StyleDiary.Android.csproj", "{49CA8989-EF7F-4B89-A4E9-7FE3D7754D67}"
EndProject
Project("{FAE04EC0-301F-11D3-BF4B-00C04F79EFBC}") = "StyleDiary", "StyleDiary\StyleDiary\StyleDiary.csproj", "{69339BA9-C6D4-44E8-943E-9775429AAC21}"
EndProject
Project("{FAE04EC0-301F-11D3-BF4B-00C04F79EFBC}") = "StyleDiary.UWP", "StyleDiary\StyleDiary.UWP\StyleDiary.UWP.csproj", "{77CAAB00-BFF7-489D-9EAA-EEFA03F49A6A}"
EndProject
Project("{FAE04EC0-301F-11D3-BF4B-00C04F79EFBC}") = "StyleDiary.iOS", "StyleDiary\StyleDiary.iOS\StyleDiary.iOS.csproj", "{3CD9C10B-0F82-4963-8DD0-B309D87B6CAF}"
EndProject
Global
	GlobalSection(SolutionConfigurationPlatforms) = preSolution
		Ad-Hoc|Any CPU = Ad-Hoc|Any CPU
		Ad-Hoc|ARM = Ad-Hoc|ARM
		Ad-Hoc|iPhone = Ad-Hoc|iPhone
		Ad-Hoc|iPhoneSimulator = Ad-Hoc|iPhoneSimulator
		Ad-Hoc|x64 = Ad-Hoc|x64
		Ad-Hoc|x86 = Ad-Hoc|x86
		AppStore|Any CPU = AppStore|Any CPU
		AppStore|ARM = AppStore|ARM
		AppStore|iPhone = AppStore|iPhone
		AppStore|iPhoneSimulator = AppStore|iPhoneSimulator
		AppStore|x64 = AppStore|x64
		AppStore|x86 = AppStore|x86
		Debug|Any CPU = Debug|Any CPU
		Debug|ARM = Debug|ARM
		Debug|iPhone = Debug|iPhone
		Debug|iPhoneSimulator = Debug|iPhoneSimulator
		Debug|x64 = Debug|x64
		Debug|x86 = Debug|x86
		Release|Any CPU = Release|Any CPU
		Release|ARM = Release|ARM
		Release|iPhone = Release|iPhone
		Release|iPhoneSimulator = Release|iPhoneSimulator
		Release|x64 = Release|x64
		Release|x86 = Release|x86
	EndGlobalSection
	GlobalSection(ProjectConfigurationPlatforms) = postSolution
		{49CA8989-EF7F-4B89-A4E9-7FE3D7754D67}.Ad-Hoc|Any CPU.ActiveCfg = Release|Any CPU
		{49CA8989-EF7F-4B89-A4E9-7FE3D7754D67}.Ad-Hoc|Any CPU.Build.0 = Release|Any CPU
		{49CA8989-EF7F-4B89-A4E9-7FE3D7754D67}.Ad-Hoc|Any CPU.Deploy.0 = Release|Any CPU
		{49CA8989-EF7F-4B89-A4E9-7FE3D7754D67}.Ad-Hoc|ARM.ActiveCfg = Release|Any CPU
		{49CA8989-EF7F-4B89-A4E9-7FE3D7754D67}.Ad-Hoc|ARM.Build.0 = Release|Any CPU
		{49CA8989-EF7F-4B89-A4E9-7FE3D7754D67}.Ad-Hoc|ARM.Deploy.0 = Release|Any CPU
		{49CA8989-EF7F-4B89-A4E9-7FE3D7754D67}.Ad-Hoc|iPhone.ActiveCfg = Release|Any CPU
		{49CA8989-EF7F-4B89-A4E9-7FE3D7754D67}.Ad-Hoc|iPhone.Build.0 = Release|Any CPU
		{49CA8989-EF7F-4B89-A4E9-7FE3D7754D67}.Ad-Hoc|iPhone.Deploy.0 = Release|Any CPU
		{49CA8989-EF7F-4B89-A4E9-7FE3D7754D67}.Ad-Hoc|iPhoneSimulator.ActiveCfg = Release|Any CPU
		{49CA8989-EF7F-4B89-A4E9-7FE3D7754D67}.Ad-Hoc|iPhoneSimulator.Build.0 = Release|Any CPU
		{49CA8989-EF7F-4B89-A4E9-7FE3D7754D67}.Ad-Hoc|iPhoneSimulator.Deploy.0 = Release|Any CPU
		{49CA8989-EF7F-4B89-A4E9-7FE3D7754D67}.Ad-Hoc|x64.ActiveCfg = Release|Any CPU
		{49CA8989-EF7F-4B89-A4E9-7FE3D7754D67}.Ad-Hoc|x64.Build.0 = Release|Any CPU
		{49CA8989-EF7F-4B89-A4E9-7FE3D7754D67}.Ad-Hoc|x64.Deploy.0 = Release|Any CPU
		{49CA8989-EF7F-4B89-A4E9-7FE3D7754D67}.Ad-Hoc|x86.ActiveCfg = Release|Any CPU
		{49CA8989-EF7F-4B89-A4E9-7FE3D7754D67}.Ad-Hoc|x86.Build.0 = Release|Any CPU
		{49CA8989-EF7F-4B89-A4E9-7FE3D7754D67}.Ad-Hoc|x86.Deploy.0 = Release|Any CPU
		{49CA8989-EF7F-4B89-A4E9-7FE3D7754D67}.AppStore|Any CPU.ActiveCfg = Release|Any CPU
		{49CA8989-EF7F-4B89-A4E9-7FE3D7754D67}.AppStore|Any CPU.Build.0 = Release|Any CPU
		{49CA8989-EF7F-4B89-A4E9-7FE3D7754D67}.AppStore|Any CPU.Deploy.0 = Release|Any CPU
		{49CA8989-EF7F-4B89-A4E9-7FE3D7754D67}.AppStore|ARM.ActiveCfg = Release|Any CPU
		{49CA8989-EF7F-4B89-A4E9-7FE3D7754D67}.AppStore|ARM.Build.0 = Release|Any CPU
		{49CA8989-EF7F-4B89-A4E9-7FE3D7754D67}.AppStore|ARM.Deploy.0 = Release|Any CPU
		{49CA8989-EF7F-4B89-A4E9-7FE3D7754D67}.AppStore|iPhone.ActiveCfg = Release|Any CPU
		{49CA8989-EF7F-4B89-A4E9-7FE3D7754D67}.AppStore|iPhone.Build.0 = Release|Any CPU
		{49CA8989-EF7F-4B89-A4E9-7FE3D7754D67}.AppStore|iPhone.Deploy.0 = Release|Any CPU
		{49CA8989-EF7F-4B89-A4E9-7FE3D7754D67}.AppStore|iPhoneSimulator.ActiveCfg = Release|Any CPU
		{49CA8989-EF7F-4B89-A4E9-7FE3D7754D67}.AppStore|iPhoneSimulator.Build.0 = Release|Any CPU
		{49CA8989-EF7F-4B89-A4E9-7FE3D7754D67}.AppStore|iPhoneSimulator.Deploy.0 = Release|Any CPU
		{49CA8989-EF7F-4B89-A4E9-7FE3D7754D67}.AppStore|x64.ActiveCfg = Release|Any CPU
		{49CA8989-EF7F-4B89-A4E9-7FE3D7754D67}.AppStore|x64.Build.0 = Release|Any CPU
		{49CA8989-EF7F-4B89-A4E9-7FE3D7754D67}.AppStore|x64.Deploy.0 = Release|Any CPU
		{49CA8989-EF7F-4B89-A4E9-7FE3D7754D67}.AppStore|x86.ActiveCfg = Release|Any CPU
		{49CA8989-EF7F-4B89-A4E9-7FE3D7754D67}.AppStore|x86.Build.0 = Release|Any CPU
		{49CA8989-EF7F-4B89-A4E9-7FE3D7754D67}.AppStore|x86.Deploy.0 = Release|Any CPU
		{49CA8989-EF7F-4B89-A4E9-7FE3D7754D67}.Debug|Any CPU.ActiveCfg = Debug|Any CPU
		{49CA8989-EF7F-4B89-A4E9-7FE3D7754D67}.Debug|Any CPU.Build.0 = Debug|Any CPU
		{49CA8989-EF7F-4B89-A4E9-7FE3D7754D67}.Debug|Any CPU.Deploy.0 = Debug|Any CPU
		{49CA8989-EF7F-4B89-A4E9-7FE3D7754D67}.Debug|ARM.ActiveCfg = Debug|Any CPU
		{49CA8989-EF7F-4B89-A4E9-7FE3D7754D67}.Debug|ARM.Build.0 = Debug|Any CPU
		{49CA8989-EF7F-4B89-A4E9-7FE3D7754D67}.Debug|ARM.Deploy.0 = Debug|Any CPU
		{49CA8989-EF7F-4B89-A4E9-7FE3D7754D67}.Debug|iPhone.ActiveCfg = Debug|Any CPU
		{49CA8989-EF7F-4B89-A4E9-7FE3D7754D67}.Debug|iPhone.Build.0 = Debug|Any CPU
		{49CA8989-EF7F-4B89-A4E9-7FE3D7754D67}.Debug|iPhone.Deploy.0 = Debug|Any CPU
		{49CA8989-EF7F-4B89-A4E9-7FE3D7754D67}.Debug|iPhoneSimulator.ActiveCfg = Debug|Any CPU
		{49CA8989-EF7F-4B89-A4E9-7FE3D7754D67}.Debug|iPhoneSimulator.Build.0 = Debug|Any CPU
		{49CA8989-EF7F-4B89-A4E9-7FE3D7754D67}.Debug|iPhoneSimulator.Deploy.0 = Debug|Any CPU
		{49CA8989-EF7F-4B89-A4E9-7FE3D7754D67}.Debug|x64.ActiveCfg = Debug|Any CPU
		{49CA8989-EF7F-4B89-A4E9-7FE3D7754D67}.Debug|x64.Build.0 = Debug|Any CPU
		{49CA8989-EF7F-4B89-A4E9-7FE3D7754D67}.Debug|x64.Deploy.0 = Debug|Any CPU
		{49CA8989-EF7F-4B89-A4E9-7FE3D7754D67}.Debug|x86.ActiveCfg = Debug|Any CPU
		{49CA8989-EF7F-4B89-A4E9-7FE3D7754D67}.Debug|x86.Build.0 = Debug|Any CPU
		{49CA8989-EF7F-4B89-A4E9-7FE3D7754D67}.Debug|x86.Deploy.0 = Debug|Any CPU
		{49CA8989-EF7F-4B89-A4E9-7FE3D7754D67}.Release|Any CPU.ActiveCfg = Release|Any CPU
		{49CA8989-EF7F-4B89-A4E9-7FE3D7754D67}.Release|Any CPU.Build.0 = Release|Any CPU
		{49CA8989-EF7F-4B89-A4E9-7FE3D7754D67}.Release|Any CPU.Deploy.0 = Release|Any CPU
		{49CA8989-EF7F-4B89-A4E9-7FE3D7754D67}.Release|ARM.ActiveCfg = Release|Any CPU
		{49CA8989-EF7F-4B89-A4E9-7FE3D7754D67}.Release|ARM.Build.0 = Release|Any CPU
		{49CA8989-EF7F-4B89-A4E9-7FE3D7754D67}.Release|ARM.Deploy.0 = Release|Any CPU
		{49CA8989-EF7F-4B89-A4E9-7FE3D7754D67}.Release|iPhone.ActiveCfg = Release|Any CPU
		{49CA8989-EF7F-4B89-A4E9-7FE3D7754D67}.Release|iPhone.Build.0 = Release|Any CPU
		{49CA8989-EF7F-4B89-A4E9-7FE3D7754D67}.Release|iPhone.Deploy.0 = Release|Any CPU
		{49CA8989-EF7F-4B89-A4E9-7FE3D7754D67}.Release|iPhoneSimulator.ActiveCfg = Release|Any CPU
		{49CA8989-EF7F-4B89-A4E9-7FE3D7754D67}.Release|iPhoneSimulator.Build.0 = Release|Any CPU
		{49CA8989-EF7F-4B89-A4E9-7FE3D7754D67}.Release|iPhoneSimulator.Deploy.0 = Release|Any CPU
		{49CA8989-EF7F-4B89-A4E9-7FE3D7754D67}.Release|x64.ActiveCfg = Release|Any CPU
		{49CA8989-EF7F-4B89-A4E9-7FE3D7754D67}.Release|x64.Build.0 = Release|Any CPU
		{49CA8989-EF7F-4B89-A4E9-7FE3D7754D67}.Release|x64.Deploy.0 = Release|Any CPU
		{49CA8989-EF7F-4B89-A4E9-7FE3D7754D67}.Release|x86.ActiveCfg = Release|Any CPU
		{49CA8989-EF7F-4B89-A4E9-7FE3D7754D67}.Release|x86.Build.0 = Release|Any CPU
		{49CA8989-EF7F-4B89-A4E9-7FE3D7754D67}.Release|x86.Deploy.0 = Release|Any CPU
		{69339BA9-C6D4-44E8-943E-9775429AAC21}.Ad-Hoc|Any CPU.ActiveCfg = Release|Any CPU
		{69339BA9-C6D4-44E8-943E-9775429AAC21}.Ad-Hoc|Any CPU.Build.0 = Release|Any CPU
		{69339BA9-C6D4-44E8-943E-9775429AAC21}.Ad-Hoc|ARM.ActiveCfg = Release|Any CPU
		{69339BA9-C6D4-44E8-943E-9775429AAC21}.Ad-Hoc|ARM.Build.0 = Release|Any CPU
		{69339BA9-C6D4-44E8-943E-9775429AAC21}.Ad-Hoc|iPhone.ActiveCfg = Release|Any CPU
		{69339BA9-C6D4-44E8-943E-9775429AAC21}.Ad-Hoc|iPhone.Build.0 = Release|Any CPU
		{69339BA9-C6D4-44E8-943E-9775429AAC21}.Ad-Hoc|iPhoneSimulator.ActiveCfg = Release|Any CPU
		{69339BA9-C6D4-44E8-943E-9775429AAC21}.Ad-Hoc|iPhoneSimulator.Build.0 = Release|Any CPU
		{69339BA9-C6D4-44E8-943E-9775429AAC21}.Ad-Hoc|x64.ActiveCfg = Release|Any CPU
		{69339BA9-C6D4-44E8-943E-9775429AAC21}.Ad-Hoc|x64.Build.0 = Release|Any CPU
		{69339BA9-C6D4-44E8-943E-9775429AAC21}.Ad-Hoc|x86.ActiveCfg = Release|Any CPU
		{69339BA9-C6D4-44E8-943E-9775429AAC21}.Ad-Hoc|x86.Build.0 = Release|Any CPU
		{69339BA9-C6D4-44E8-943E-9775429AAC21}.AppStore|Any CPU.ActiveCfg = Release|Any CPU
		{69339BA9-C6D4-44E8-943E-9775429AAC21}.AppStore|Any CPU.Build.0 = Release|Any CPU
		{69339BA9-C6D4-44E8-943E-9775429AAC21}.AppStore|ARM.ActiveCfg = Release|Any CPU
		{69339BA9-C6D4-44E8-943E-9775429AAC21}.AppStore|ARM.Build.0 = Release|Any CPU
		{69339BA9-C6D4-44E8-943E-9775429AAC21}.AppStore|iPhone.ActiveCfg = Release|Any CPU
		{69339BA9-C6D4-44E8-943E-9775429AAC21}.AppStore|iPhone.Build.0 = Release|Any CPU
		{69339BA9-C6D4-44E8-943E-9775429AAC21}.AppStore|iPhoneSimulator.ActiveCfg = Release|Any CPU
		{69339BA9-C6D4-44E8-943E-9775429AAC21}.AppStore|iPhoneSimulator.Build.0 = Release|Any CPU
		{69339BA9-C6D4-44E8-943E-9775429AAC21}.AppStore|x64.ActiveCfg = Release|Any CPU
		{69339BA9-C6D4-44E8-943E-9775429AAC21}.AppStore|x64.Build.0 = Release|Any CPU
		{69339BA9-C6D4-44E8-943E-9775429AAC21}.AppStore|x86.ActiveCfg = Release|Any CPU
		{69339BA9-C6D4-44E8-943E-9775429AAC21}.AppStore|x86.Build.0 = Release|Any CPU
		{69339BA9-C6D4-44E8-943E-9775429AAC21}.Debug|Any CPU.ActiveCfg = Debug|Any CPU
		{69339BA9-C6D4-44E8-943E-9775429AAC21}.Debug|Any CPU.Build.0 = Debug|Any CPU
		{69339BA9-C6D4-44E8-943E-9775429AAC21}.Debug|ARM.ActiveCfg = Debug|Any CPU
		{69339BA9-C6D4-44E8-943E-9775429AAC21}.Debug|ARM.Build.0 = Debug|Any CPU
		{69339BA9-C6D4-44E8-943E-9775429AAC21}.Debug|iPhone.ActiveCfg = Debug|Any CPU
		{69339BA9-C6D4-44E8-943E-9775429AAC21}.Debug|iPhone.Build.0 = Debug|Any CPU
		{69339BA9-C6D4-44E8-943E-9775429AAC21}.Debug|iPhoneSimulator.ActiveCfg = Debug|Any CPU
		{69339BA9-C6D4-44E8-943E-9775429AAC21}.Debug|iPhoneSimulator.Build.0 = Debug|Any CPU
		{69339BA9-C6D4-44E8-943E-9775429AAC21}.Debug|x64.ActiveCfg = Debug|Any CPU
		{69339BA9-C6D4-44E8-943E-9775429AAC21}.Debug|x64.Build.0 = Debug|Any CPU
		{69339BA9-C6D4-44E8-943E-9775429AAC21}.Debug|x86.ActiveCfg = Debug|Any CPU
		{69339BA9-C6D4-44E8-943E-9775429AAC21}.Debug|x86.Build.0 = Debug|Any CPU
		{69339BA9-C6D4-44E8-943E-9775429AAC21}.Release|Any CPU.ActiveCfg = Release|Any CPU
		{69339BA9-C6D4-44E8-943E-9775429AAC21}.Release|Any CPU.Build.0 = Release|Any CPU
		{69339BA9-C6D4-44E8-943E-9775429AAC21}.Release|ARM.ActiveCfg = Release|Any CPU
		{69339BA9-C6D4-44E8-943E-9775429AAC21}.Release|ARM.Build.0 = Release|Any CPU
		{69339BA9-C6D4-44E8-943E-9775429AAC21}.Release|iPhone.ActiveCfg = Release|Any CPU
		{69339BA9-C6D4-44E8-943E-9775429AAC21}.Release|iPhone.Build.0 = Release|Any CPU
		{69339BA9-C6D4-44E8-943E-9775429AAC21}.Release|iPhoneSimulator.ActiveCfg = Release|Any CPU
		{69339BA9-C6D4-44E8-943E-9775429AAC21}.Release|iPhoneSimulator.Build.0 = Release|Any CPU
		{69339BA9-C6D4-44E8-943E-9775429AAC21}.Release|x64.ActiveCfg = Release|Any CPU
		{69339BA9-C6D4-44E8-943E-9775429AAC21}.Release|x64.Build.0 = Release|Any CPU
		{69339BA9-C6D4-44E8-943E-9775429AAC21}.Release|x86.ActiveCfg = Release|Any CPU
		{69339BA9-C6D4-44E8-943E-9775429AAC21}.Release|x86.Build.0 = Release|Any CPU
		{77CAAB00-BFF7-489D-9EAA-EEFA03F49A6A}.Ad-Hoc|Any CPU.ActiveCfg = Release|x86
		{77CAAB00-BFF7-489D-9EAA-EEFA03F49A6A}.Ad-Hoc|Any CPU.Build.0 = Release|x86
		{77CAAB00-BFF7-489D-9EAA-EEFA03F49A6A}.Ad-Hoc|Any CPU.Deploy.0 = Release|x86
		{77CAAB00-BFF7-489D-9EAA-EEFA03F49A6A}.Ad-Hoc|ARM.ActiveCfg = Release|ARM
		{77CAAB00-BFF7-489D-9EAA-EEFA03F49A6A}.Ad-Hoc|ARM.Build.0 = Release|ARM
		{77CAAB00-BFF7-489D-9EAA-EEFA03F49A6A}.Ad-Hoc|ARM.Deploy.0 = Release|ARM
		{77CAAB00-BFF7-489D-9EAA-EEFA03F49A6A}.Ad-Hoc|iPhone.ActiveCfg = Release|x86
		{77CAAB00-BFF7-489D-9EAA-EEFA03F49A6A}.Ad-Hoc|iPhone.Build.0 = Release|x86
		{77CAAB00-BFF7-489D-9EAA-EEFA03F49A6A}.Ad-Hoc|iPhone.Deploy.0 = Release|x86
		{77CAAB00-BFF7-489D-9EAA-EEFA03F49A6A}.Ad-Hoc|iPhoneSimulator.ActiveCfg = Release|x86
		{77CAAB00-BFF7-489D-9EAA-EEFA03F49A6A}.Ad-Hoc|iPhoneSimulator.Build.0 = Release|x86
		{77CAAB00-BFF7-489D-9EAA-EEFA03F49A6A}.Ad-Hoc|iPhoneSimulator.Deploy.0 = Release|x86
		{77CAAB00-BFF7-489D-9EAA-EEFA03F49A6A}.Ad-Hoc|x64.ActiveCfg = Release|x64
		{77CAAB00-BFF7-489D-9EAA-EEFA03F49A6A}.Ad-Hoc|x64.Build.0 = Release|x64
		{77CAAB00-BFF7-489D-9EAA-EEFA03F49A6A}.Ad-Hoc|x64.Deploy.0 = Release|x64
		{77CAAB00-BFF7-489D-9EAA-EEFA03F49A6A}.Ad-Hoc|x86.ActiveCfg = Release|x86
		{77CAAB00-BFF7-489D-9EAA-EEFA03F49A6A}.Ad-Hoc|x86.Build.0 = Release|x86
		{77CAAB00-BFF7-489D-9EAA-EEFA03F49A6A}.Ad-Hoc|x86.Deploy.0 = Release|x86
		{77CAAB00-BFF7-489D-9EAA-EEFA03F49A6A}.AppStore|Any CPU.ActiveCfg = Release|x86
		{77CAAB00-BFF7-489D-9EAA-EEFA03F49A6A}.AppStore|Any CPU.Build.0 = Release|x86
		{77CAAB00-BFF7-489D-9EAA-EEFA03F49A6A}.AppStore|Any CPU.Deploy.0 = Release|x86
		{77CAAB00-BFF7-489D-9EAA-EEFA03F49A6A}.AppStore|ARM.ActiveCfg = Release|ARM
		{77CAAB00-BFF7-489D-9EAA-EEFA03F49A6A}.AppStore|ARM.Build.0 = Release|ARM
		{77CAAB00-BFF7-489D-9EAA-EEFA03F49A6A}.AppStore|ARM.Deploy.0 = Release|ARM
		{77CAAB00-BFF7-489D-9EAA-EEFA03F49A6A}.AppStore|iPhone.ActiveCfg = Release|x86
		{77CAAB00-BFF7-489D-9EAA-EEFA03F49A6A}.AppStore|iPhone.Build.0 = Release|x86
		{77CAAB00-BFF7-489D-9EAA-EEFA03F49A6A}.AppStore|iPhone.Deploy.0 = Release|x86
		{77CAAB00-BFF7-489D-9EAA-EEFA03F49A6A}.AppStore|iPhoneSimulator.ActiveCfg = Release|x86
		{77CAAB00-BFF7-489D-9EAA-EEFA03F49A6A}.AppStore|iPhoneSimulator.Build.0 = Release|x86
		{77CAAB00-BFF7-489D-9EAA-EEFA03F49A6A}.AppStore|iPhoneSimulator.Deploy.0 = Release|x86
		{77CAAB00-BFF7-489D-9EAA-EEFA03F49A6A}.AppStore|x64.ActiveCfg = Release|x64
		{77CAAB00-BFF7-489D-9EAA-EEFA03F49A6A}.AppStore|x64.Build.0 = Release|x64
		{77CAAB00-BFF7-489D-9EAA-EEFA03F49A6A}.AppStore|x64.Deploy.0 = Release|x64
		{77CAAB00-BFF7-489D-9EAA-EEFA03F49A6A}.AppStore|x86.ActiveCfg = Release|x86
		{77CAAB00-BFF7-489D-9EAA-EEFA03F49A6A}.AppStore|x86.Build.0 = Release|x86
		{77CAAB00-BFF7-489D-9EAA-EEFA03F49A6A}.AppStore|x86.Deploy.0 = Release|x86
		{77CAAB00-BFF7-489D-9EAA-EEFA03F49A6A}.Debug|Any CPU.ActiveCfg = Debug|x86
		{77CAAB00-BFF7-489D-9EAA-EEFA03F49A6A}.Debug|Any CPU.Build.0 = Debug|x86
		{77CAAB00-BFF7-489D-9EAA-EEFA03F49A6A}.Debug|Any CPU.Deploy.0 = Debug|x86
		{77CAAB00-BFF7-489D-9EAA-EEFA03F49A6A}.Debug|ARM.ActiveCfg = Debug|ARM
		{77CAAB00-BFF7-489D-9EAA-EEFA03F49A6A}.Debug|ARM.Build.0 = Debug|ARM
		{77CAAB00-BFF7-489D-9EAA-EEFA03F49A6A}.Debug|ARM.Deploy.0 = Debug|ARM
		{77CAAB00-BFF7-489D-9EAA-EEFA03F49A6A}.Debug|iPhone.ActiveCfg = Debug|x86
		{77CAAB00-BFF7-489D-9EAA-EEFA03F49A6A}.Debug|iPhoneSimulator.ActiveCfg = Debug|x86
		{77CAAB00-BFF7-489D-9EAA-EEFA03F49A6A}.Debug|x64.ActiveCfg = Debug|x64
		{77CAAB00-BFF7-489D-9EAA-EEFA03F49A6A}.Debug|x64.Build.0 = Debug|x64
		{77CAAB00-BFF7-489D-9EAA-EEFA03F49A6A}.Debug|x64.Deploy.0 = Debug|x64
		{77CAAB00-BFF7-489D-9EAA-EEFA03F49A6A}.Debug|x86.ActiveCfg = Debug|x86
		{77CAAB00-BFF7-489D-9EAA-EEFA03F49A6A}.Debug|x86.Build.0 = Debug|x86
		{77CAAB00-BFF7-489D-9EAA-EEFA03F49A6A}.Debug|x86.Deploy.0 = Debug|x86
		{77CAAB00-BFF7-489D-9EAA-EEFA03F49A6A}.Release|Any CPU.ActiveCfg = Release|x86
		{77CAAB00-BFF7-489D-9EAA-EEFA03F49A6A}.Release|ARM.ActiveCfg = Release|ARM
		{77CAAB00-BFF7-489D-9EAA-EEFA03F49A6A}.Release|ARM.Build.0 = Release|ARM
		{77CAAB00-BFF7-489D-9EAA-EEFA03F49A6A}.Release|ARM.Deploy.0 = Release|ARM
		{77CAAB00-BFF7-489D-9EAA-EEFA03F49A6A}.Release|iPhone.ActiveCfg = Release|x86
		{77CAAB00-BFF7-489D-9EAA-EEFA03F49A6A}.Release|iPhoneSimulator.ActiveCfg = Release|x86
		{77CAAB00-BFF7-489D-9EAA-EEFA03F49A6A}.Release|x64.ActiveCfg = Release|x64
		{77CAAB00-BFF7-489D-9EAA-EEFA03F49A6A}.Release|x64.Build.0 = Release|x64
		{77CAAB00-BFF7-489D-9EAA-EEFA03F49A6A}.Release|x64.Deploy.0 = Release|x64
		{77CAAB00-BFF7-489D-9EAA-EEFA03F49A6A}.Release|x86.ActiveCfg = Release|x86
		{77CAAB00-BFF7-489D-9EAA-EEFA03F49A6A}.Release|x86.Build.0 = Release|x86
		{77CAAB00-BFF7-489D-9EAA-EEFA03F49A6A}.Release|x86.Deploy.0 = Release|x86
		{3CD9C10B-0F82-4963-8DD0-B309D87B6CAF}.Ad-Hoc|Any CPU.ActiveCfg = Ad-Hoc|iPhone
		{3CD9C10B-0F82-4963-8DD0-B309D87B6CAF}.Ad-Hoc|ARM.ActiveCfg = Ad-Hoc|iPhone
		{3CD9C10B-0F82-4963-8DD0-B309D87B6CAF}.Ad-Hoc|iPhone.ActiveCfg = Ad-Hoc|iPhone
		{3CD9C10B-0F82-4963-8DD0-B309D87B6CAF}.Ad-Hoc|iPhone.Build.0 = Ad-Hoc|iPhone
		{3CD9C10B-0F82-4963-8DD0-B309D87B6CAF}.Ad-Hoc|iPhoneSimulator.ActiveCfg = Ad-Hoc|iPhoneSimulator
		{3CD9C10B-0F82-4963-8DD0-B309D87B6CAF}.Ad-Hoc|iPhoneSimulator.Build.0 = Ad-Hoc|iPhoneSimulator
		{3CD9C10B-0F82-4963-8DD0-B309D87B6CAF}.Ad-Hoc|x64.ActiveCfg = Ad-Hoc|iPhone
		{3CD9C10B-0F82-4963-8DD0-B309D87B6CAF}.Ad-Hoc|x86.ActiveCfg = Ad-Hoc|iPhone
		{3CD9C10B-0F82-4963-8DD0-B309D87B6CAF}.AppStore|Any CPU.ActiveCfg = AppStore|iPhone
		{3CD9C10B-0F82-4963-8DD0-B309D87B6CAF}.AppStore|ARM.ActiveCfg = AppStore|iPhone
		{3CD9C10B-0F82-4963-8DD0-B309D87B6CAF}.AppStore|iPhone.ActiveCfg = AppStore|iPhone
		{3CD9C10B-0F82-4963-8DD0-B309D87B6CAF}.AppStore|iPhone.Build.0 = AppStore|iPhone
		{3CD9C10B-0F82-4963-8DD0-B309D87B6CAF}.AppStore|iPhoneSimulator.ActiveCfg = AppStore|iPhoneSimulator
		{3CD9C10B-0F82-4963-8DD0-B309D87B6CAF}.AppStore|iPhoneSimulator.Build.0 = AppStore|iPhoneSimulator
		{3CD9C10B-0F82-4963-8DD0-B309D87B6CAF}.AppStore|x64.ActiveCfg = AppStore|iPhone
		{3CD9C10B-0F82-4963-8DD0-B309D87B6CAF}.AppStore|x86.ActiveCfg = AppStore|iPhone
		{3CD9C10B-0F82-4963-8DD0-B309D87B6CAF}.Debug|Any CPU.ActiveCfg = Debug|iPhone
		{3CD9C10B-0F82-4963-8DD0-B309D87B6CAF}.Debug|Any CPU.Build.0 = Debug|iPhone
		{3CD9C10B-0F82-4963-8DD0-B309D87B6CAF}.Debug|ARM.ActiveCfg = Debug|iPhone
		{3CD9C10B-0F82-4963-8DD0-B309D87B6CAF}.Debug|iPhone.ActiveCfg = Debug|iPhone
		{3CD9C10B-0F82-4963-8DD0-B309D87B6CAF}.Debug|iPhone.Build.0 = Debug|iPhone
		{3CD9C10B-0F82-4963-8DD0-B309D87B6CAF}.Debug|iPhoneSimulator.ActiveCfg = Debug|iPhoneSimulator
		{3CD9C10B-0F82-4963-8DD0-B309D87B6CAF}.Debug|iPhoneSimulator.Build.0 = Debug|iPhoneSimulator
		{3CD9C10B-0F82-4963-8DD0-B309D87B6CAF}.Debug|x64.ActiveCfg = Debug|iPhone
		{3CD9C10B-0F82-4963-8DD0-B309D87B6CAF}.Debug|x86.ActiveCfg = Debug|iPhone
		{3CD9C10B-0F82-4963-8DD0-B309D87B6CAF}.Release|Any CPU.ActiveCfg = Release|iPhone
		{3CD9C10B-0F82-4963-8DD0-B309D87B6CAF}.Release|ARM.ActiveCfg = Release|iPhone
		{3CD9C10B-0F82-4963-8DD0-B309D87B6CAF}.Release|iPhone.ActiveCfg = Release|iPhone
		{3CD9C10B-0F82-4963-8DD0-B309D87B6CAF}.Release|iPhone.Build.0 = Release|iPhone
		{3CD9C10B-0F82-4963-8DD0-B309D87B6CAF}.Release|iPhoneSimulator.ActiveCfg = Release|iPhoneSimulator
		{3CD9C10B-0F82-4963-8DD0-B309D87B6CAF}.Release|iPhoneSimulator.Build.0 = Release|iPhoneSimulator
		{3CD9C10B-0F82-4963-8DD0-B309D87B6CAF}.Release|x64.ActiveCfg = Release|iPhone
		{3CD9C10B-0F82-4963-8DD0-B309D87B6CAF}.Release|x86.ActiveCfg = Release|iPhone
	EndGlobalSection
	GlobalSection(SolutionProperties) = preSolution
		HideSolutionNode = FALSE
	EndGlobalSection
	GlobalSection(ExtensibilityGlobals) = postSolution
		SolutionGuid = {AB4FC594-0F43-4D1B-BFF2-502F4957C6ED}
	EndGlobalSection
EndGlobal
